{
  "nodes": {
    "flake-utils": {
      "locked": {
        "lastModified": 1637014545,
        "narHash": "sha256-26IZAc5yzlD9FlDT54io1oqG/bBoyka+FJk5guaX4x4=",
        "owner": "numtide",
        "repo": "flake-utils",
        "rev": "bba5dcc8e0b20ab664967ad83d24d64cb64ec4f4",
        "type": "github"
      },
      "original": {
        "owner": "numtide",
        "repo": "flake-utils",
        "type": "github"
      }
    },
    "flake-utils_2": {
      "locked": {
        "lastModified": 1637014545,
        "narHash": "sha256-26IZAc5yzlD9FlDT54io1oqG/bBoyka+FJk5guaX4x4=",
        "owner": "numtide",
        "repo": "flake-utils",
        "rev": "bba5dcc8e0b20ab664967ad83d24d64cb64ec4f4",
        "type": "github"
      },
      "original": {
        "owner": "numtide",
        "repo": "flake-utils",
        "type": "github"
      }
    },
    "libusb": {
      "inputs": {
        "flake-utils": "flake-utils_2",
        "nixpkgs": "nixpkgs"
      },
      "locked": {
        "narHash": "sha256-3jDXdBZoZiy0poIYXgJfyykAKgQ11DBXMSshjMVGkiM=",
        "path": "libusb",
        "type": "path"
      },
      "original": {
        "path": "libusb",
        "type": "path"
      }
    },
    "nixpkgs": {
      "locked": {
        "lastModified": 1637428448,
        "narHash": "sha256-Wy0p4DLC+zPfPdv1xsENK0yd4SecyWzqIuolENot6DM=",
        "owner": "NixOS",
        "repo": "nixpkgs",
        "rev": "9e06375eb2ced091ab083f554c7eed17d6f3429b",
        "type": "github"
      },
      "original": {
        "id": "nixpkgs",
        "type": "indirect"
      }
    },
    "nixpkgs_2": {
      "locked": {
        "lastModified": 1637428448,
        "narHash": "sha256-Wy0p4DLC+zPfPdv1xsENK0yd4SecyWzqIuolENot6DM=",
        "owner": "NixOS",
        "repo": "nixpkgs",
        "rev": "9e06375eb2ced091ab083f554c7eed17d6f3429b",
        "type": "github"
      },
      "original": {
        "id": "nixpkgs",
        "type": "indirect"
      }
    },
    "root": {
      "inputs": {
        "flake-utils": "flake-utils",
        "libusb": "libusb",
        "nixpkgs": "nixpkgs_2"
      }
    }
  },
  "root": "root",
  "version": 7
}
